
Microsoft Visual Studio Solution File, Format Version 11.00
# Visual Studio 2010
Project("{FAE04EC0-301F-11D3-BF4B-00C04F79EFBC}") = "Assembly-CSharp", "Assembly-CSharp.csproj", "{c49ee75f-5df6-20fb-1539-35f962cdf6c8}"
EndProject
Project("{FAE04EC0-301F-11D3-BF4B-00C04F79EFBC}") = "Assembly-CSharp-Editor", "Assembly-CSharp-Editor.csproj", "{86956518-a953-32f0-e508-dbdcc90dfb1d}"
EndProject
Global
	GlobalSection(SolutionConfigurationPlatforms) = preSolution
		Debug|Any CPU = Debug|Any CPU
	EndGlobalSection
	GlobalSection(ProjectConfigurationPlatforms) = postSolution
		{c49ee75f-5df6-20fb-1539-35f962cdf6c8}.Debug|Any CPU.ActiveCfg = Debug|Any CPU
		{c49ee75f-5df6-20fb-1539-35f962cdf6c8}.Debug|Any CPU.Build.0 = Debug|Any CPU
		{86956518-a953-32f0-e508-dbdcc90dfb1d}.Debug|Any CPU.ActiveCfg = Debug|Any CPU
		{86956518-a953-32f0-e508-dbdcc90dfb1d}.Debug|Any CPU.Build.0 = Debug|Any CPU
	EndGlobalSection
	GlobalSection(SolutionProperties) = preSolution
		HideSolutionNode = FALSE
	EndGlobalSection
EndGlobal
